
Microsoft Visual Studio Solution File, Format Version 12.00
# Visual Studio Version 16
VisualStudioVersion = 16.0.29728.190
MinimumVisualStudioVersion = 10.0.40219.1
Project("{FAE04EC0-301F-11D3-BF4B-00C04F79EFBC}") = "VirtualOffice", "VirtualOffice\VirtualOffice.csproj", "{6E437369-EC47-4DF9-89F3-1996B3843954}"
EndProject
Global
	GlobalSection(SolutionConfigurationPlatforms) = preSolution
		Debug|Any CPU = Debug|Any CPU
		Release|Any CPU = Release|Any CPU
	EndGlobalSection
	GlobalSection(ProjectConfigurationPlatforms) = postSolution
		{6E437369-EC47-4DF9-89F3-1996B3843954}.Debug|Any CPU.ActiveCfg = Debug|Any CPU
		{6E437369-EC47-4DF9-89F3-1996B3843954}.Debug|Any CPU.Build.0 = Debug|Any CPU
		{6E437369-EC47-4DF9-89F3-1996B3843954}.Release|Any CPU.ActiveCfg = Release|Any CPU
		{6E437369-EC47-4DF9-89F3-1996B3843954}.Release|Any CPU.Build.0 = Release|Any CPU
	EndGlobalSection
	GlobalSection(SolutionProperties) = preSolution
		HideSolutionNode = FALSE
	EndGlobalSection
	GlobalSection(ExtensibilityGlobals) = postSolution
		SolutionGuid = {EFFFF8D5-A00E-486B-BF0F-8EED4B4AA3BB}
	EndGlobalSection
EndGlobal
